version: 'v0.0.2'
workflows:
    '.github/workflows/build-chain.yml':
        - 'actions/checkout@3d3c42e5aac5ba805825da76410c181273ba90b1'
        - 'oven-sh/setup-bun@0c5077e51419868618aeaa5fe8019c62421857d6'
    '.github/workflows/codeql-analysis.yml':
        - 'actions/checkout@3d3c42e5aac5ba805825da76410c181273ba90b1'
        - 'github/codeql-action@b96794f015dfd88f77b49b1c93e0fa7110f94c63'
    '.github/workflows/dogfood-gate.yml':
        - 'actions/checkout@3d3c42e5aac5ba805825da76410c181273ba90b1'
        - 'hyperpolymath/deed-ecosystem@40229f345730bcb2aa7e3d386c55575b61458add'
        - 'hyperpolymath/k9-ecosystem@6dde9fbb5aa3524c8fa740204b50405ec4e21c8c'
    '.github/workflows/governance.yml': []
    '.github/workflows/hypatia-scan.yml': []
    '.github/workflows/instant-sync.yml':
        - 'actions/checkout@3d3c42e5aac5ba805825da76410c181273ba90b1'
    '.github/workflows/label-triage.yml': []
    '.github/workflows/labels.yml': []
    '.github/workflows/mirror.yml': []
    '.github/workflows/pages.yml':
        - 'actions/checkout@3d3c42e5aac5ba805825da76410c181273ba90b1'
        - 'actions/upload-pages-artifact@fc324d3547104276b827a68afc52ff2a11cc49c9'
        - 'actions/deploy-pages@368f82528645a54fb793d4d04e342629a3f51346'
    '.github/workflows/push-email-notify.yml':
        - 'hyperpolymath/smtp-notify-action@22e7bdb322c430c1d0dac6b3bb307f4bb139d0be'
    '.github/workflows/scorecard.yml': []
    '.github/workflows/secret-scanner.yml': []
    '.github/workflows/static-analysis.yml':
        - 'actions/checkout@3d3c42e5aac5ba805825da76410c181273ba90b1'
        - 'actions/upload-artifact@043fb46d1a93c77aae656e7c1c64a875d1fc6a0a'
    '.github/workflows/test.yml':
        - 'actions/checkout@3d3c42e5aac5ba805825da76410c181273ba90b1'
        - 'oven-sh/setup-bun@0c5077e51419868618aeaa5fe8019c62421857d6'
    '.github/workflows/workflow-linter.yml':
        - 'actions/checkout@3d3c42e5aac5ba805825da76410c181273ba90b1'
dependencies:
    'actions/checkout@3d3c42e5aac5ba805825da76410c181273ba90b1':
        ref: 'v7.0.1'
        commit: 'sha1-3d3c42e5aac5ba805825da76410c181273ba90b1'
        owner_id: 44036562
        repo_id: 197814629
    'actions/deploy-pages@368f82528645a54fb793d4d04e342629a3f51346':
        ref: 'v5.0.1'
        commit: 'sha1-368f82528645a54fb793d4d04e342629a3f51346'
        owner_id: 44036562
        repo_id: 438112499
    'actions/upload-artifact@043fb46d1a93c77aae656e7c1c64a875d1fc6a0a':
        ref: 'v7.0.1'
        commit: 'sha1-043fb46d1a93c77aae656e7c1c64a875d1fc6a0a'
        owner_id: 44036562
        repo_id: 192625955
    'actions/upload-pages-artifact@fc324d3547104276b827a68afc52ff2a11cc49c9':
        ref: 'v5.0.0'
        commit: 'sha1-fc324d3547104276b827a68afc52ff2a11cc49c9'
        owner_id: 44036562
        repo_id: 496012378
        uses:
            - 'actions/upload-artifact@bbbca2ddaa5d8feaa63e36b76fdaad77386f024f'
    'github/codeql-action@b96794f015dfd88f77b49b1c93e0fa7110f94c63':
        ref: 'v4.38.0'
        commit: 'sha1-b96794f015dfd88f77b49b1c93e0fa7110f94c63'
        owner_id: 9919
        repo_id: 259445878
    'hyperpolymath/deed-ecosystem@40229f345730bcb2aa7e3d386c55575b61458add':
        ref: 'main'
        commit: 'sha1-40229f345730bcb2aa7e3d386c55575b61458add'
        owner_id: 6759885
        repo_id: 1275649586
    'hyperpolymath/k9-ecosystem@6dde9fbb5aa3524c8fa740204b50405ec4e21c8c':
        ref: 'main'
        commit: 'sha1-6dde9fbb5aa3524c8fa740204b50405ec4e21c8c'
        owner_id: 6759885
        repo_id: 1275650185
    'hyperpolymath/smtp-notify-action@22e7bdb322c430c1d0dac6b3bb307f4bb139d0be':
        ref: 'v0.3.0'
        commit: 'sha1-22e7bdb322c430c1d0dac6b3bb307f4bb139d0be'
        owner_id: 6759885
        repo_id: 1352485172
    'oven-sh/setup-bun@0c5077e51419868618aeaa5fe8019c62421857d6':
        ref: 'v2.2.0'
        commit: 'sha1-0c5077e51419868618aeaa5fe8019c62421857d6'
        owner_id: 108928776
        repo_id: 512644635
    'actions/upload-artifact@bbbca2ddaa5d8feaa63e36b76fdaad77386f024f':
        ref: 'v7.0.0'
        commit: 'sha1-bbbca2ddaa5d8feaa63e36b76fdaad77386f024f'
        owner_id: 44036562
        repo_id: 192625955
